{
  "name": "3-query-operators",
  "version": "1.0.0",
  "lockfileVersion": 1,
  "dependencies": {
    "ansi-escape-sequences": {
      "version": "3.0.0",
      "resolved": "https://registry.npmjs.org/ansi-escape-sequences/-/ansi-escape-sequences-3.0.0.tgz",
      "integrity": "sha1-HBg5S2r5t2/5pjUJ+kl2af0s5T4="
    },
    "array-back": {
      "version": "1.0.4",
      "resolved": "https://registry.npmjs.org/array-back/-/array-back-1.0.4.tgz",
      "integrity": "sha1-ZEun8JX3/898Q7Xw3DnTwfA8Bjs="
    },
    "assert": {
      "version": "1.4.1",
      "resolved": "https://registry.npmjs.org/assert/-/assert-1.4.1.tgz",
      "integrity": "sha1-mZEtWRg2tab1s0XA8H7vwI/GXZE="
    },
    "bson": {
      "version": "1.0.4",
      "resolved": "https://registry.npmjs.org/bson/-/bson-1.0.4.tgz",
      "integrity": "sha1-k8ENOeqltYQVy8QFLz5T5WKwtyw="
    },
    "buffer-shims": {
      "version": "1.0.0",
      "resolved": "https://registry.npmjs.org/buffer-shims/-/buffer-shims-1.0.0.tgz",
      "integrity": "sha1-mXjOMXOIxkmth5MCjDR37wRKi1E="
    },
    "command-line-args": {
      "version": "4.0.6",
      "resolved": "https://registry.npmjs.org/command-line-args/-/command-line-args-4.0.6.tgz",
      "integrity": "sha1-D/h6HdFZiQ3K6yoAWr2uceVQWfw="
    },
    "command-line-usage": {
      "version": "4.0.0",
      "resolved": "https://registry.npmjs.org/command-line-usage/-/command-line-usage-4.0.0.tgz",
      "integrity": "sha1-gWsyeItY+f66RNHm2sYPyuspteo="
    },
    "core-util-is": {
      "version": "1.0.2",
      "resolved": "https://registry.npmjs.org/core-util-is/-/core-util-is-1.0.2.tgz",
      "integrity": "sha1-tf1UIgqivFq1eqtxQMlAdUUDwac="
    },
    "deep-extend": {
      "version": "0.4.2",
      "resolved": "https://registry.npmjs.org/deep-extend/-/deep-extend-0.4.2.tgz",
      "integrity": "sha1-SLaZwn4zS/ifEIkr5DL25MfTSn8="
    },
    "es6-promise": {
      "version": "3.2.1",
      "resolved": "https://registry.npmjs.org/es6-promise/-/es6-promise-3.2.1.tgz",
      "integrity": "sha1-7FYjOGgDKQkgcXDDlEjiREndH8Q="
    },
    "feature-detect-es6": {
      "version": "1.3.1",
      "resolved": "https://registry.npmjs.org/feature-detect-es6/-/feature-detect-es6-1.3.1.tgz",
      "integrity": "sha1-+IhzavnLDJH1VmO/pHYuuW7nBH8="
    },
    "find-replace": {
      "version": "1.0.3",
      "resolved": "https://registry.npmjs.org/find-replace/-/find-replace-1.0.3.tgz",
      "integrity": "sha1-uI5zZNLZyVlVnziMZmcNYTBEH6A="
    },
    "inherits": {
      "version": "2.0.1",
      "resolved": "https://registry.npmjs.org/inherits/-/inherits-2.0.1.tgz",
      "integrity": "sha1-sX0I0ya0Qj5Wjv9xn5GwscvfafE="
    },
    "isarray": {
      "version": "1.0.0",
      "resolved": "https://registry.npmjs.org/isarray/-/isarray-1.0.0.tgz",
      "integrity": "sha1-u5NdSFgsuhaMBoNJV6VKPgcSTxE="
    },
    "lodash.padend": {
      "version": "4.6.1",
      "resolved": "https://registry.npmjs.org/lodash.padend/-/lodash.padend-4.6.1.tgz",
      "integrity": "sha1-U8y6BH0G4VjTEfRdpiX05J5vFm4="
    },
    "mongodb": {
      "version": "2.2.28",
      "resolved": "https://registry.npmjs.org/mongodb/-/mongodb-2.2.28.tgz",
      "integrity": "sha1-2P9FdUNm4Dlz+iWb9PEUR4WNplc="
    },
    "mongodb-core": {
      "version": "2.1.12",
      "resolved": "https://registry.npmjs.org/mongodb-core/-/mongodb-core-2.1.12.tgz",
      "integrity": "sha1-FTEZJRG8Fu8WCsauDMRndv/YRR0="
    },
    "process-nextick-args": {
      "version": "1.0.7",
      "resolved": "https://registry.npmjs.org/process-nextick-args/-/process-nextick-args-1.0.7.tgz",
      "integrity": "sha1-FQ4gt1ZZCtP5EJPyWk8q2L/zC6M="
    },
    "readable-stream": {
      "version": "2.2.7",
      "resolved": "https://registry.npmjs.org/readable-stream/-/readable-stream-2.2.7.tgz",
      "integrity": "sha1-BwV6y+JGeyIELTb5jFrVBwVOlbE="
    },
    "reduce-flatten": {
      "version": "1.0.1",
      "resolved": "https://registry.npmjs.org/reduce-flatten/-/reduce-flatten-1.0.1.tgz",
      "integrity": "sha1-JYx479FT3fk8tWEjf2EYTzaW4yc="
    },
    "require_optional": {
      "version": "1.0.1",
      "resolved": "https://registry.npmjs.org/require_optional/-/require_optional-1.0.1.tgz",
      "integrity": "sha512-qhM/y57enGWHAe3v/NcwML6a3/vfESLe/sGM2dII+gEO0BpKRUkWZow/tyloNqJyN6kXSl3RyyM8Ll5D/sJP8g=="
    },
    "resolve-from": {
      "version": "2.0.0",
      "resolved": "https://registry.npmjs.org/resolve-from/-/resolve-from-2.0.0.tgz",
      "integrity": "sha1-lICrIOlP+h2egKgEx+oUdhGWa1c="
    },
    "safe-buffer": {
      "version": "5.0.1",
      "resolved": "https://registry.npmjs.org/safe-buffer/-/safe-buffer-5.0.1.tgz",
      "integrity": "sha1-0mPKVGls2KMGtcplUekt5XkY++c="
    },
    "semver": {
      "version": "5.3.0",
      "resolved": "https://registry.npmjs.org/semver/-/semver-5.3.0.tgz",
      "integrity": "sha1-myzl094C0XxgEq0yaqa00M9U+U8="
    },
    "string_decoder": {
      "version": "1.0.2",
      "resolved": "https://registry.npmjs.org/string_decoder/-/string_decoder-1.0.2.tgz",
      "integrity": "sha1-sp4fThEl+pehA4K4pTNze3SR4Xk="
    },
    "table-layout": {
      "version": "0.4.0",
      "resolved": "https://registry.npmjs.org/table-layout/-/table-layout-0.4.0.tgz",
      "integrity": "sha1-xw/wRV2a3WO5H3wVp3kmKVwODn0="
    },
    "test-value": {
      "version": "2.1.0",
      "resolved": "https://registry.npmjs.org/test-value/-/test-value-2.1.0.tgz",
      "integrity": "sha1-Edpv9nDzRxpztiXKTz/c97t0gpE="
    },
    "typical": {
      "version": "2.6.1",
      "resolved": "https://registry.npmjs.org/typical/-/typical-2.6.1.tgz",
      "integrity": "sha1-XAgOXWYcu+OCWdLnCjxyU+hziB0="
    },
    "util": {
      "version": "0.10.3",
      "resolved": "https://registry.npmjs.org/util/-/util-0.10.3.tgz",
      "integrity": "sha1-evsa/lCAUkZInj23/g7TeTNqwPk="
    },
    "util-deprecate": {
      "version": "1.0.2",
      "resolved": "https://registry.npmjs.org/util-deprecate/-/util-deprecate-1.0.2.tgz",
      "integrity": "sha1-RQ1Nyfpw3nMnYvvS1KKJgUGaDM8="
    },
    "wordwrapjs": {
      "version": "2.0.0",
      "resolved": "https://registry.npmjs.org/wordwrapjs/-/wordwrapjs-2.0.0.tgz",
      "integrity": "sha1-q1X2leYRjak4WP3XDAU9HF4BrCA="
    }
  }
}
